
Microsoft Visual Studio Solution File, Format Version 12.00
Project("{FAE04EC0-301F-11D3-BF4B-00C04F79EFBC}") = "TCPServer", "TCPServer\TCPServer.csproj", "{CDAC54D7-3307-4D7D-B526-0E9389507A38}"
EndProject
Project("{FAE04EC0-301F-11D3-BF4B-00C04F79EFBC}") = "TCPClient", "TCPClient\TCPClient.csproj", "{43757D0D-8F63-4AB3-A78F-5E69B25AA697}"
EndProject
Project("{FAE04EC0-301F-11D3-BF4B-00C04F79EFBC}") = "UDPServer", "UDPServer\UDPServer.csproj", "{A5B97656-A3C1-4F15-91C2-29ED21EBA83B}"
EndProject
Project("{FAE04EC0-301F-11D3-BF4B-00C04F79EFBC}") = "UDPClient", "UDPClient\UDPClient.csproj", "{468B32AC-9497-4230-B65C-716D21C0438E}"
EndProject
Project("{FAE04EC0-301F-11D3-BF4B-00C04F79EFBC}") = "TCPBasicClientServer", "TCPBasicClientServer\TCPBasicClientServer.csproj", "{556E39DB-999E-46B0-9A35-D45ADDBA35F2}"
EndProject
Global
	GlobalSection(SolutionConfigurationPlatforms) = preSolution
		Debug|Any CPU = Debug|Any CPU
		Release|Any CPU = Release|Any CPU
	EndGlobalSection
	GlobalSection(ProjectConfigurationPlatforms) = postSolution
		{CDAC54D7-3307-4D7D-B526-0E9389507A38}.Debug|Any CPU.ActiveCfg = Debug|Any CPU
		{CDAC54D7-3307-4D7D-B526-0E9389507A38}.Debug|Any CPU.Build.0 = Debug|Any CPU
		{CDAC54D7-3307-4D7D-B526-0E9389507A38}.Release|Any CPU.ActiveCfg = Release|Any CPU
		{CDAC54D7-3307-4D7D-B526-0E9389507A38}.Release|Any CPU.Build.0 = Release|Any CPU
		{43757D0D-8F63-4AB3-A78F-5E69B25AA697}.Debug|Any CPU.ActiveCfg = Debug|Any CPU
		{43757D0D-8F63-4AB3-A78F-5E69B25AA697}.Debug|Any CPU.Build.0 = Debug|Any CPU
		{43757D0D-8F63-4AB3-A78F-5E69B25AA697}.Release|Any CPU.ActiveCfg = Release|Any CPU
		{43757D0D-8F63-4AB3-A78F-5E69B25AA697}.Release|Any CPU.Build.0 = Release|Any CPU
		{A5B97656-A3C1-4F15-91C2-29ED21EBA83B}.Debug|Any CPU.ActiveCfg = Debug|Any CPU
		{A5B97656-A3C1-4F15-91C2-29ED21EBA83B}.Debug|Any CPU.Build.0 = Debug|Any CPU
		{A5B97656-A3C1-4F15-91C2-29ED21EBA83B}.Release|Any CPU.ActiveCfg = Release|Any CPU
		{A5B97656-A3C1-4F15-91C2-29ED21EBA83B}.Release|Any CPU.Build.0 = Release|Any CPU
		{468B32AC-9497-4230-B65C-716D21C0438E}.Debug|Any CPU.ActiveCfg = Debug|Any CPU
		{468B32AC-9497-4230-B65C-716D21C0438E}.Debug|Any CPU.Build.0 = Debug|Any CPU
		{468B32AC-9497-4230-B65C-716D21C0438E}.Release|Any CPU.ActiveCfg = Release|Any CPU
		{468B32AC-9497-4230-B65C-716D21C0438E}.Release|Any CPU.Build.0 = Release|Any CPU
		{556E39DB-999E-46B0-9A35-D45ADDBA35F2}.Debug|Any CPU.ActiveCfg = Debug|Any CPU
		{556E39DB-999E-46B0-9A35-D45ADDBA35F2}.Debug|Any CPU.Build.0 = Debug|Any CPU
		{556E39DB-999E-46B0-9A35-D45ADDBA35F2}.Release|Any CPU.ActiveCfg = Release|Any CPU
		{556E39DB-999E-46B0-9A35-D45ADDBA35F2}.Release|Any CPU.Build.0 = Release|Any CPU
	EndGlobalSection
EndGlobal
